
Microsoft Visual Studio Solution File, Format Version 12.00
# Visual Studio Version 16
VisualStudioVersion = 16.0.29709.97
MinimumVisualStudioVersion = 10.0.40219.1
Project("{FAE04EC0-301F-11D3-BF4B-00C04F79EFBC}") = "ZwapReviewBot.Web", "ZwapReviewBot.Web\ZwapReviewBot.Web.csproj", "{9950FAF9-CDBE-4DEB-B2BE-2CFAB9494771}"
EndProject
Project("{FAE04EC0-301F-11D3-BF4B-00C04F79EFBC}") = "PivotalTrackerConnector", "PivotalTrackerConnector\PivotalTrackerConnector.csproj", "{7D3540C2-982B-4F0C-9B1B-F27BE8C766DC}"
EndProject
Project("{FAE04EC0-301F-11D3-BF4B-00C04F79EFBC}") = "SlackConnector", "SlackConnector\SlackConnector.csproj", "{C62CC63F-8CF2-44CF-9652-2D98571E7189}"
EndProject
Global
	GlobalSection(SolutionConfigurationPlatforms) = preSolution
		Debug|Any CPU = Debug|Any CPU
		Release|Any CPU = Release|Any CPU
	EndGlobalSection
	GlobalSection(ProjectConfigurationPlatforms) = postSolution
		{9950FAF9-CDBE-4DEB-B2BE-2CFAB9494771}.Debug|Any CPU.ActiveCfg = Debug|Any CPU
		{9950FAF9-CDBE-4DEB-B2BE-2CFAB9494771}.Debug|Any CPU.Build.0 = Debug|Any CPU
		{9950FAF9-CDBE-4DEB-B2BE-2CFAB9494771}.Release|Any CPU.ActiveCfg = Release|Any CPU
		{9950FAF9-CDBE-4DEB-B2BE-2CFAB9494771}.Release|Any CPU.Build.0 = Release|Any CPU
		{7D3540C2-982B-4F0C-9B1B-F27BE8C766DC}.Debug|Any CPU.ActiveCfg = Debug|Any CPU
		{7D3540C2-982B-4F0C-9B1B-F27BE8C766DC}.Debug|Any CPU.Build.0 = Debug|Any CPU
		{7D3540C2-982B-4F0C-9B1B-F27BE8C766DC}.Release|Any CPU.ActiveCfg = Release|Any CPU
		{7D3540C2-982B-4F0C-9B1B-F27BE8C766DC}.Release|Any CPU.Build.0 = Release|Any CPU
		{C62CC63F-8CF2-44CF-9652-2D98571E7189}.Debug|Any CPU.ActiveCfg = Debug|Any CPU
		{C62CC63F-8CF2-44CF-9652-2D98571E7189}.Debug|Any CPU.Build.0 = Debug|Any CPU
		{C62CC63F-8CF2-44CF-9652-2D98571E7189}.Release|Any CPU.ActiveCfg = Release|Any CPU
		{C62CC63F-8CF2-44CF-9652-2D98571E7189}.Release|Any CPU.Build.0 = Release|Any CPU
	EndGlobalSection
	GlobalSection(SolutionProperties) = preSolution
		HideSolutionNode = FALSE
	EndGlobalSection
	GlobalSection(ExtensibilityGlobals) = postSolution
		SolutionGuid = {7AB8D39D-FA00-483E-B1DA-7187E3475EAA}
	EndGlobalSection
EndGlobal
